
Microsoft Visual Studio Solution File, Format Version 12.00
# Visual Studio 14
VisualStudioVersion = 14.0.25420.1
MinimumVisualStudioVersion = 10.0.40219.1
Project("{FAE04EC0-301F-11D3-BF4B-00C04F79EFBC}") = "EstimationClient", "EstimationClient\EstimationClient.csproj", "{7C23617C-C74A-4F03-A7FB-15FA437C8209}"
EndProject
Global
	GlobalSection(SolutionConfigurationPlatforms) = preSolution
		Debug|Any CPU = Debug|Any CPU
		Release|Any CPU = Release|Any CPU
	EndGlobalSection
	GlobalSection(ProjectConfigurationPlatforms) = postSolution
		{7C23617C-C74A-4F03-A7FB-15FA437C8209}.Debug|Any CPU.ActiveCfg = Debug|Any CPU
		{7C23617C-C74A-4F03-A7FB-15FA437C8209}.Debug|Any CPU.Build.0 = Debug|Any CPU
		{7C23617C-C74A-4F03-A7FB-15FA437C8209}.Release|Any CPU.ActiveCfg = Release|Any CPU
		{7C23617C-C74A-4F03-A7FB-15FA437C8209}.Release|Any CPU.Build.0 = Release|Any CPU
	EndGlobalSection
	GlobalSection(SolutionProperties) = preSolution
		HideSolutionNode = FALSE
	EndGlobalSection
EndGlobal
